{
  "name": "tengxunim",
  "lockfileVersion": 2,
  "requires": true,
  "packages": {
    "": {
      "dependencies": {
        "tim-js-sdk": "^2.27.3",
        "tim-profanity-filter-plugin": "^0.9.0",
        "tim-upload-plugin": "^1.2.0"
      }
    },
    "node_modules/tim-js-sdk": {
      "version": "2.27.3",
      "resolved": "https://registry.npmmirror.com/tim-js-sdk/-/tim-js-sdk-2.27.3.tgz",
      "integrity": "sha512-REwgC6yKfcPo05MjufWqcIcvKfG4ZszI64m4GOiBxqB9icCqQIEN1YQ37OpdPY/xyaa6DFHhDiJ8ds6NsJT/ew=="
    },
    "node_modules/tim-profanity-filter-plugin": {
      "version": "0.9.0",
      "resolved": "https://registry.npmmirror.com/tim-profanity-filter-plugin/-/tim-profanity-filter-plugin-0.9.0.tgz",
      "integrity": "sha512-SDlV3nJfOyohjg4stPMQDZ893WVgvlSwnSqY8hQhbcj80K+joFfeyRKKEkuRhvYWR0f2kn4MM1E0spnQjKN5bg=="
    },
    "node_modules/tim-upload-plugin": {
      "version": "1.2.0",
      "resolved": "https://registry.npmmirror.com/tim-upload-plugin/-/tim-upload-plugin-1.2.0.tgz",
      "integrity": "sha512-ax+I9lnCcX384DQPy3s6U7ibgEzJyUh2LJBwsFyM2aYMt/mlXleu4MawtjO+pMk2auA8tceifzqUDgxsPH2Buw=="
    }
  },
  "dependencies": {
    "tim-js-sdk": {
      "version": "2.27.3",
      "resolved": "https://registry.npmmirror.com/tim-js-sdk/-/tim-js-sdk-2.27.3.tgz",
      "integrity": "sha512-REwgC6yKfcPo05MjufWqcIcvKfG4ZszI64m4GOiBxqB9icCqQIEN1YQ37OpdPY/xyaa6DFHhDiJ8ds6NsJT/ew=="
    },
    "tim-profanity-filter-plugin": {
      "version": "0.9.0",
      "resolved": "https://registry.npmmirror.com/tim-profanity-filter-plugin/-/tim-profanity-filter-plugin-0.9.0.tgz",
      "integrity": "sha512-SDlV3nJfOyohjg4stPMQDZ893WVgvlSwnSqY8hQhbcj80K+joFfeyRKKEkuRhvYWR0f2kn4MM1E0spnQjKN5bg=="
    },
    "tim-upload-plugin": {
      "version": "1.2.0",
      "resolved": "https://registry.npmmirror.com/tim-upload-plugin/-/tim-upload-plugin-1.2.0.tgz",
      "integrity": "sha512-ax+I9lnCcX384DQPy3s6U7ibgEzJyUh2LJBwsFyM2aYMt/mlXleu4MawtjO+pMk2auA8tceifzqUDgxsPH2Buw=="
    }
  }
}
